// !$*UTF8*$!
{
	archiveVersion = 1;
	classes = {
	};
	objectVersion = 52;
	objects = {

/* Begin PBXBuildFile section */
		F9C8248526AED069003DC86B /* AppDelegate.swift in Sources */ = {isa = PBXBuildFile; fileRef = F9C8248426AED069003DC86B /* AppDelegate.swift */; };
		F9C8248726AED069003DC86B /* SceneDelegate.swift in Sources */ = {isa = PBXBuildFile; fileRef = F9C8248626AED069003DC86B /* SceneDelegate.swift */; };
		F9C8248926AED069003DC86B /* LoginViewController.swift in Sources */ = {isa = PBXBuildFile; fileRef = F9C8248826AED069003DC86B /* LoginViewController.swift */; };
		F9C8248C26AED069003DC86B /* Main.storyboard in Resources */ = {isa = PBXBuildFile; fileRef = F9C8248A26AED069003DC86B /* Main.storyboard */; };
		F9C8248E26AED06A003DC86B /* Assets.xcassets in Resources */ = {isa = PBXBuildFile; fileRef = F9C8248D26AED06A003DC86B /* Assets.xcassets */; };
		F9C8249126AED06A003DC86B /* LaunchScreen.storyboard in Resources */ = {isa = PBXBuildFile; fileRef = F9C8248F26AED06A003DC86B /* LaunchScreen.storyboard */; };
		F9C8249D26AED5FE003DC86B /* ApplicationCoordinator.swift in Sources */ = {isa = PBXBuildFile; fileRef = F9C8249C26AED5FE003DC86B /* ApplicationCoordinator.swift */; };
		F9C8249F26AED60A003DC86B /* Coordinator.swift in Sources */ = {isa = PBXBuildFile; fileRef = F9C8249E26AED60A003DC86B /* Coordinator.swift */; };
		F9C824A426AED799003DC86B /* LoginPresenter.swift in Sources */ = {isa = PBXBuildFile; fileRef = F9C824A326AED799003DC86B /* LoginPresenter.swift */; };
		F9C824A726AED962003DC86B /* LoginCoordinator.swift in Sources */ = {isa = PBXBuildFile; fileRef = F9C824A626AED962003DC86B /* LoginCoordinator.swift */; };
		F9C824AE26AEDB73003DC86B /* DashboardViewController.swift in Sources */ = {isa = PBXBuildFile; fileRef = F9C824AD26AEDB73003DC86B /* DashboardViewController.swift */; };
		F9C824B026AEDB83003DC86B /* DashboardPresenter.swift in Sources */ = {isa = PBXBuildFile; fileRef = F9C824AF26AEDB83003DC86B /* DashboardPresenter.swift */; };
		F9C824B226AEDB8D003DC86B /* DashboardCoordinator.swift in Sources */ = {isa = PBXBuildFile; fileRef = F9C824B126AEDB8D003DC86B /* DashboardCoordinator.swift */; };
		F9C824B526AEDD46003DC86B /* Storyboarded.swift in Sources */ = {isa = PBXBuildFile; fileRef = F9C824B426AEDD46003DC86B /* Storyboarded.swift */; };
		F9C824B826AEDD7A003DC86B /* StoryboardNames.swift in Sources */ = {isa = PBXBuildFile; fileRef = F9C824B726AEDD7A003DC86B /* StoryboardNames.swift */; };
		F9C824BB26AEF6DA003DC86B /* Logging in Frameworks */ = {isa = PBXBuildFile; productRef = F9C824BA26AEF6DA003DC86B /* Logging */; };
		F9C824BE26AEF710003DC86B /* SwiftLog.swift in Sources */ = {isa = PBXBuildFile; fileRef = F9C824BD26AEF710003DC86B /* SwiftLog.swift */; };
/* End PBXBuildFile section */

/* Begin PBXFileReference section */
		F9C8248126AED069003DC86B /* CoordinatorPattern.app */ = {isa = PBXFileReference; explicitFileType = wrapper.application; includeInIndex = 0; path = CoordinatorPattern.app; sourceTree = BUILT_PRODUCTS_DIR; };
		F9C8248426AED069003DC86B /* AppDelegate.swift */ = {isa = PBXFileReference; lastKnownFileType = sourcecode.swift; path = AppDelegate.swift; sourceTree = "<group>"; };
		F9C8248626AED069003DC86B /* SceneDelegate.swift */ = {isa = PBXFileReference; lastKnownFileType = sourcecode.swift; path = SceneDelegate.swift; sourceTree = "<group>"; };
		F9C8248826AED069003DC86B /* LoginViewController.swift */ = {isa = PBXFileReference; lastKnownFileType = sourcecode.swift; path = LoginViewController.swift; sourceTree = "<group>"; };
		F9C8248B26AED069003DC86B /* Base */ = {isa = PBXFileReference; lastKnownFileType = file.storyboard; name = Base; path = Base.lproj/Main.storyboard; sourceTree = "<group>"; };
		F9C8248D26AED06A003DC86B /* Assets.xcassets */ = {isa = PBXFileReference; lastKnownFileType = folder.assetcatalog; path = Assets.xcassets; sourceTree = "<group>"; };
		F9C8249026AED06A003DC86B /* Base */ = {isa = PBXFileReference; lastKnownFileType = file.storyboard; name = Base; path = Base.lproj/LaunchScreen.storyboard; sourceTree = "<group>"; };
		F9C8249226AED06A003DC86B /* Info.plist */ = {isa = PBXFileReference; lastKnownFileType = text.plist.xml; path = Info.plist; sourceTree = "<group>"; };
		F9C8249C26AED5FE003DC86B /* ApplicationCoordinator.swift */ = {isa = PBXFileReference; lastKnownFileType = sourcecode.swift; path = ApplicationCoordinator.swift; sourceTree = "<group>"; };
		F9C8249E26AED60A003DC86B /* Coordinator.swift */ = {isa = PBXFileReference; lastKnownFileType = sourcecode.swift; path = Coordinator.swift; sourceTree = "<group>"; };
		F9C824A326AED799003DC86B /* LoginPresenter.swift */ = {isa = PBXFileReference; lastKnownFileType = sourcecode.swift; path = LoginPresenter.swift; sourceTree = "<group>"; };
		F9C824A626AED962003DC86B /* LoginCoordinator.swift */ = {isa = PBXFileReference; lastKnownFileType = sourcecode.swift; path = LoginCoordinator.swift; sourceTree = "<group>"; };
		F9C824AD26AEDB73003DC86B /* DashboardViewController.swift */ = {isa = PBXFileReference; lastKnownFileType = sourcecode.swift; path = DashboardViewController.swift; sourceTree = "<group>"; };
		F9C824AF26AEDB83003DC86B /* DashboardPresenter.swift */ = {isa = PBXFileReference; lastKnownFileType = sourcecode.swift; path = DashboardPresenter.swift; sourceTree = "<group>"; };
		F9C824B126AEDB8D003DC86B /* DashboardCoordinator.swift */ = {isa = PBXFileReference; lastKnownFileType = sourcecode.swift; path = DashboardCoordinator.swift; sourceTree = "<group>"; };
		F9C824B426AEDD46003DC86B /* Storyboarded.swift */ = {isa = PBXFileReference; lastKnownFileType = sourcecode.swift; path = Storyboarded.swift; sourceTree = "<group>"; };
		F9C824B726AEDD7A003DC86B /* StoryboardNames.swift */ = {isa = PBXFileReference; lastKnownFileType = sourcecode.swift; path = StoryboardNames.swift; sourceTree = "<group>"; };
		F9C824BD26AEF710003DC86B /* SwiftLog.swift */ = {isa = PBXFileReference; lastKnownFileType = sourcecode.swift; path = SwiftLog.swift; sourceTree = "<group>"; };
/* End PBXFileReference section */

/* Begin PBXFrameworksBuildPhase section */
		F9C8247E26AED069003DC86B /* Frameworks */ = {
			isa = PBXFrameworksBuildPhase;
			buildActionMask = 2147483647;
			files = (
				F9C824BB26AEF6DA003DC86B /* Logging in Frameworks */,
			);
			runOnlyForDeploymentPostprocessing = 0;
		};
/* End PBXFrameworksBuildPhase section */

/* Begin PBXGroup section */
		F9C8247826AED069003DC86B = {
			isa = PBXGroup;
			children = (
				F9C8248326AED069003DC86B /* CoordinatorPattern */,
				F9C8248226AED069003DC86B /* Products */,
			);
			sourceTree = "<group>";
		};
		F9C8248226AED069003DC86B /* Products */ = {
			isa = PBXGroup;
			children = (
				F9C8248126AED069003DC86B /* CoordinatorPattern.app */,
			);
			name = Products;
			sourceTree = "<group>";
		};
		F9C8248326AED069003DC86B /* CoordinatorPattern */ = {
			isa = PBXGroup;
			children = (
				F9C824BC26AEF700003DC86B /* Global Vars */,
				F9C824B626AEDD63003DC86B /* Global Enums */,
				F9C824B326AEDD3C003DC86B /* Global Protocols */,
				F9C8249B26AED4A9003DC86B /* App Delegate */,
				F9C8249A26AED4A4003DC86B /* Coodrinator */,
				F9C8249826AED495003DC86B /* Scenes */,
				F9C8248A26AED069003DC86B /* Main.storyboard */,
				F9C8248D26AED06A003DC86B /* Assets.xcassets */,
				F9C8248F26AED06A003DC86B /* LaunchScreen.storyboard */,
				F9C8249226AED06A003DC86B /* Info.plist */,
			);
			path = CoordinatorPattern;
			sourceTree = "<group>";
		};
		F9C8249826AED495003DC86B /* Scenes */ = {
			isa = PBXGroup;
			children = (
				F9C824A826AEDB2B003DC86B /* Dashboard */,
				F9C8249926AED49D003DC86B /* Login */,
			);
			path = Scenes;
			sourceTree = "<group>";
		};
		F9C8249926AED49D003DC86B /* Login */ = {
			isa = PBXGroup;
			children = (
				F9C824A126AED776003DC86B /* Model */,
				F9C824A026AED771003DC86B /* View */,
				F9C824A226AED77D003DC86B /* Presenter */,
				F9C824A526AED948003DC86B /* Coordinator */,
			);
			path = Login;
			sourceTree = "<group>";
		};
		F9C8249A26AED4A4003DC86B /* Coodrinator */ = {
			isa = PBXGroup;
			children = (
				F9C8249C26AED5FE003DC86B /* ApplicationCoordinator.swift */,
				F9C8249E26AED60A003DC86B /* Coordinator.swift */,
			);
			path = Coodrinator;
			sourceTree = "<group>";
		};
		F9C8249B26AED4A9003DC86B /* App Delegate */ = {
			isa = PBXGroup;
			children = (
				F9C8248426AED069003DC86B /* AppDelegate.swift */,
				F9C8248626AED069003DC86B /* SceneDelegate.swift */,
			);
			name = "App Delegate";
			sourceTree = "<group>";
		};
		F9C824A026AED771003DC86B /* View */ = {
			isa = PBXGroup;
			children = (
				F9C8248826AED069003DC86B /* LoginViewController.swift */,
			);
			path = View;
			sourceTree = "<group>";
		};
		F9C824A126AED776003DC86B /* Model */ = {
			isa = PBXGroup;
			children = (
			);
			path = Model;
			sourceTree = "<group>";
		};
		F9C824A226AED77D003DC86B /* Presenter */ = {
			isa = PBXGroup;
			children = (
				F9C824A326AED799003DC86B /* LoginPresenter.swift */,
			);
			path = Presenter;
			sourceTree = "<group>";
		};
		F9C824A526AED948003DC86B /* Coordinator */ = {
			isa = PBXGroup;
			children = (
				F9C824A626AED962003DC86B /* LoginCoordinator.swift */,
			);
			path = Coordinator;
			sourceTree = "<group>";
		};
		F9C824A826AEDB2B003DC86B /* Dashboard */ = {
			isa = PBXGroup;
			children = (
				F9C824A926AEDB31003DC86B /* Model */,
				F9C824AA26AEDB36003DC86B /* View */,
				F9C824AB26AEDB3C003DC86B /* Presenter */,
				F9C824AC26AEDB43003DC86B /* Coordinator */,
			);
			path = Dashboard;
			sourceTree = "<group>";
		};
		F9C824A926AEDB31003DC86B /* Model */ = {
			isa = PBXGroup;
			children = (
			);
			path = Model;
			sourceTree = "<group>";
		};
		F9C824AA26AEDB36003DC86B /* View */ = {
			isa = PBXGroup;
			children = (
				F9C824AD26AEDB73003DC86B /* DashboardViewController.swift */,
			);
			path = View;
			sourceTree = "<group>";
		};
		F9C824AB26AEDB3C003DC86B /* Presenter */ = {
			isa = PBXGroup;
			children = (
				F9C824AF26AEDB83003DC86B /* DashboardPresenter.swift */,
			);
			path = Presenter;
			sourceTree = "<group>";
		};
		F9C824AC26AEDB43003DC86B /* Coordinator */ = {
			isa = PBXGroup;
			children = (
				F9C824B126AEDB8D003DC86B /* DashboardCoordinator.swift */,
			);
			path = Coordinator;
			sourceTree = "<group>";
		};
		F9C824B326AEDD3C003DC86B /* Global Protocols */ = {
			isa = PBXGroup;
			children = (
				F9C824B426AEDD46003DC86B /* Storyboarded.swift */,
			);
			path = "Global Protocols";
			sourceTree = "<group>";
		};
		F9C824B626AEDD63003DC86B /* Global Enums */ = {
			isa = PBXGroup;
			children = (
				F9C824B726AEDD7A003DC86B /* StoryboardNames.swift */,
			);
			path = "Global Enums";
			sourceTree = "<group>";
		};
		F9C824BC26AEF700003DC86B /* Global Vars */ = {
			isa = PBXGroup;
			children = (
				F9C824BD26AEF710003DC86B /* SwiftLog.swift */,
			);
			path = "Global Vars";
			sourceTree = "<group>";
		};
/* End PBXGroup section */

/* Begin PBXNativeTarget section */
		F9C8248026AED069003DC86B /* CoordinatorPattern */ = {
			isa = PBXNativeTarget;
			buildConfigurationList = F9C8249526AED06A003DC86B /* Build configuration list for PBXNativeTarget "CoordinatorPattern" */;
			buildPhases = (
				F9C8247D26AED069003DC86B /* Sources */,
				F9C8247E26AED069003DC86B /* Frameworks */,
				F9C8247F26AED069003DC86B /* Resources */,
			);
			buildRules = (
			);
			dependencies = (
			);
			name = CoordinatorPattern;
			packageProductDependencies = (
				F9C824BA26AEF6DA003DC86B /* Logging */,
			);
			productName = CoordinatorPattern;
			productReference = F9C8248126AED069003DC86B /* CoordinatorPattern.app */;
			productType = "com.apple.product-type.application";
		};
/* End PBXNativeTarget section */

/* Begin PBXProject section */
		F9C8247926AED069003DC86B /* Project object */ = {
			isa = PBXProject;
			attributes = {
				LastSwiftUpdateCheck = 1250;
				LastUpgradeCheck = 1250;
				TargetAttributes = {
					F9C8248026AED069003DC86B = {
						CreatedOnToolsVersion = 12.5;
					};
				};
			};
			buildConfigurationList = F9C8247C26AED069003DC86B /* Build configuration list for PBXProject "CoordinatorPattern" */;
			compatibilityVersion = "Xcode 9.3";
			developmentRegion = en;
			hasScannedForEncodings = 0;
			knownRegions = (
				en,
				Base,
			);
			mainGroup = F9C8247826AED069003DC86B;
			packageReferences = (
				F9C824B926AEF6DA003DC86B /* XCRemoteSwiftPackageReference "swift-log" */,
			);
			productRefGroup = F9C8248226AED069003DC86B /* Products */;
			projectDirPath = "";
			projectRoot = "";
			targets = (
				F9C8248026AED069003DC86B /* CoordinatorPattern */,
			);
		};
/* End PBXProject section */

/* Begin PBXResourcesBuildPhase section */
		F9C8247F26AED069003DC86B /* Resources */ = {
			isa = PBXResourcesBuildPhase;
			buildActionMask = 2147483647;
			files = (
				F9C8249126AED06A003DC86B /* LaunchScreen.storyboard in Resources */,
				F9C8248E26AED06A003DC86B /* Assets.xcassets in Resources */,
				F9C8248C26AED069003DC86B /* Main.storyboard in Resources */,
			);
			runOnlyForDeploymentPostprocessing = 0;
		};
/* End PBXResourcesBuildPhase section */

/* Begin PBXSourcesBuildPhase section */
		F9C8247D26AED069003DC86B /* Sources */ = {
			isa = PBXSourcesBuildPhase;
			buildActionMask = 2147483647;
			files = (
				F9C824A426AED799003DC86B /* LoginPresenter.swift in Sources */,
				F9C824B226AEDB8D003DC86B /* DashboardCoordinator.swift in Sources */,
				F9C8248926AED069003DC86B /* LoginViewController.swift in Sources */,
				F9C824A726AED962003DC86B /* LoginCoordinator.swift in Sources */,
				F9C8248526AED069003DC86B /* AppDelegate.swift in Sources */,
				F9C8249F26AED60A003DC86B /* Coordinator.swift in Sources */,
				F9C824B026AEDB83003DC86B /* DashboardPresenter.swift in Sources */,
				F9C824BE26AEF710003DC86B /* SwiftLog.swift in Sources */,
				F9C824B526AEDD46003DC86B /* Storyboarded.swift in Sources */,
				F9C8248726AED069003DC86B /* SceneDelegate.swift in Sources */,
				F9C824B826AEDD7A003DC86B /* StoryboardNames.swift in Sources */,
				F9C8249D26AED5FE003DC86B /* ApplicationCoordinator.swift in Sources */,
				F9C824AE26AEDB73003DC86B /* DashboardViewController.swift in Sources */,
			);
			runOnlyForDeploymentPostprocessing = 0;
		};
/* End PBXSourcesBuildPhase section */

/* Begin PBXVariantGroup section */
		F9C8248A26AED069003DC86B /* Main.storyboard */ = {
			isa = PBXVariantGroup;
			children = (
				F9C8248B26AED069003DC86B /* Base */,
			);
			name = Main.storyboard;
			sourceTree = "<group>";
		};
		F9C8248F26AED06A003DC86B /* LaunchScreen.storyboard */ = {
			isa = PBXVariantGroup;
			children = (
				F9C8249026AED06A003DC86B /* Base */,
			);
			name = LaunchScreen.storyboard;
			sourceTree = "<group>";
		};
/* End PBXVariantGroup section */

/* Begin XCBuildConfiguration section */
		F9C8249326AED06A003DC86B /* Debug */ = {
			isa = XCBuildConfiguration;
			buildSettings = {
				ALWAYS_SEARCH_USER_PATHS = NO;
				CLANG_ANALYZER_NONNULL = YES;
				CLANG_ANALYZER_NUMBER_OBJECT_CONVERSION = YES_AGGRESSIVE;
				CLANG_CXX_LANGUAGE_STANDARD = "gnu++14";
				CLANG_CXX_LIBRARY = "libc++";
				CLANG_ENABLE_MODULES = YES;
				CLANG_ENABLE_OBJC_ARC = YES;
				CLANG_ENABLE_OBJC_WEAK = YES;
				CLANG_WARN_BLOCK_CAPTURE_AUTORELEASING = YES;
				CLANG_WARN_BOOL_CONVERSION = YES;
				CLANG_WARN_COMMA = YES;
				CLANG_WARN_CONSTANT_CONVERSION = YES;
				CLANG_WARN_DEPRECATED_OBJC_IMPLEMENTATIONS = YES;
				CLANG_WARN_DIRECT_OBJC_ISA_USAGE = YES_ERROR;
				CLANG_WARN_DOCUMENTATION_COMMENTS = YES;
				CLANG_WARN_EMPTY_BODY = YES;
				CLANG_WARN_ENUM_CONVERSION = YES;
				CLANG_WARN_INFINITE_RECURSION = YES;
				CLANG_WARN_INT_CONVERSION = YES;
				CLANG_WARN_NON_LITERAL_NULL_CONVERSION = YES;
				CLANG_WARN_OBJC_IMPLICIT_RETAIN_SELF = YES;
				CLANG_WARN_OBJC_LITERAL_CONVERSION = YES;
				CLANG_WARN_OBJC_ROOT_CLASS = YES_ERROR;
				CLANG_WARN_QUOTED_INCLUDE_IN_FRAMEWORK_HEADER = YES;
				CLANG_WARN_RANGE_LOOP_ANALYSIS = YES;
				CLANG_WARN_STRICT_PROTOTYPES = YES;
				CLANG_WARN_SUSPICIOUS_MOVE = YES;
				CLANG_WARN_UNGUARDED_AVAILABILITY = YES_AGGRESSIVE;
				CLANG_WARN_UNREACHABLE_CODE = YES;
				CLANG_WARN__DUPLICATE_METHOD_MATCH = YES;
				COPY_PHASE_STRIP = NO;
				DEBUG_INFORMATION_FORMAT = dwarf;
				ENABLE_STRICT_OBJC_MSGSEND = YES;
				ENABLE_TESTABILITY = YES;
				GCC_C_LANGUAGE_STANDARD = gnu11;
				GCC_DYNAMIC_NO_PIC = NO;
				GCC_NO_COMMON_BLOCKS = YES;
				GCC_OPTIMIZATION_LEVEL = 0;
				GCC_PREPROCESSOR_DEFINITIONS = (
					"DEBUG=1",
					"$(inherited)",
				);
				GCC_WARN_64_TO_32_BIT_CONVERSION = YES;
				GCC_WARN_ABOUT_RETURN_TYPE = YES_ERROR;
				GCC_WARN_UNDECLARED_SELECTOR = YES;
				GCC_WARN_UNINITIALIZED_AUTOS = YES_AGGRESSIVE;
				GCC_WARN_UNUSED_FUNCTION = YES;
				GCC_WARN_UNUSED_VARIABLE = YES;
				IPHONEOS_DEPLOYMENT_TARGET = 14.5;
				MTL_ENABLE_DEBUG_INFO = INCLUDE_SOURCE;
				MTL_FAST_MATH = YES;
				ONLY_ACTIVE_ARCH = YES;
				SDKROOT = iphoneos;
				SWIFT_ACTIVE_COMPILATION_CONDITIONS = DEBUG;
				SWIFT_OPTIMIZATION_LEVEL = "-Onone";
			};
			name = Debug;
		};
		F9C8249426AED06A003DC86B /* Release */ = {
			isa = XCBuildConfiguration;
			buildSettings = {
				ALWAYS_SEARCH_USER_PATHS = NO;
				CLANG_ANALYZER_NONNULL = YES;
				CLANG_ANALYZER_NUMBER_OBJECT_CONVERSION = YES_AGGRESSIVE;
				CLANG_CXX_LANGUAGE_STANDARD = "gnu++14";
				CLANG_CXX_LIBRARY = "libc++";
				CLANG_ENABLE_MODULES = YES;
				CLANG_ENABLE_OBJC_ARC = YES;
				CLANG_ENABLE_OBJC_WEAK = YES;
				CLANG_WARN_BLOCK_CAPTURE_AUTORELEASING = YES;
				CLANG_WARN_BOOL_CONVERSION = YES;
				CLANG_WARN_COMMA = YES;
				CLANG_WARN_CONSTANT_CONVERSION = YES;
				CLANG_WARN_DEPRECATED_OBJC_IMPLEMENTATIONS = YES;
				CLANG_WARN_DIRECT_OBJC_ISA_USAGE = YES_ERROR;
				CLANG_WARN_DOCUMENTATION_COMMENTS = YES;
				CLANG_WARN_EMPTY_BODY = YES;
				CLANG_WARN_ENUM_CONVERSION = YES;
				CLANG_WARN_INFINITE_RECURSION = YES;
				CLANG_WARN_INT_CONVERSION = YES;
				CLANG_WARN_NON_LITERAL_NULL_CONVERSION = YES;
				CLANG_WARN_OBJC_IMPLICIT_RETAIN_SELF = YES;
				CLANG_WARN_OBJC_LITERAL_CONVERSION = YES;
				CLANG_WARN_OBJC_ROOT_CLASS = YES_ERROR;
				CLANG_WARN_QUOTED_INCLUDE_IN_FRAMEWORK_HEADER = YES;
				CLANG_WARN_RANGE_LOOP_ANALYSIS = YES;
				CLANG_WARN_STRICT_PROTOTYPES = YES;
				CLANG_WARN_SUSPICIOUS_MOVE = YES;
				CLANG_WARN_UNGUARDED_AVAILABILITY = YES_AGGRESSIVE;
				CLANG_WARN_UNREACHABLE_CODE = YES;
				CLANG_WARN__DUPLICATE_METHOD_MATCH = YES;
				COPY_PHASE_STRIP = NO;
				DEBUG_INFORMATION_FORMAT = "dwarf-with-dsym";
				ENABLE_NS_ASSERTIONS = NO;
				ENABLE_STRICT_OBJC_MSGSEND = YES;
				GCC_C_LANGUAGE_STANDARD = gnu11;
				GCC_NO_COMMON_BLOCKS = YES;
				GCC_WARN_64_TO_32_BIT_CONVERSION = YES;
				GCC_WARN_ABOUT_RETURN_TYPE = YES_ERROR;
				GCC_WARN_UNDECLARED_SELECTOR = YES;
				GCC_WARN_UNINITIALIZED_AUTOS = YES_AGGRESSIVE;
				GCC_WARN_UNUSED_FUNCTION = YES;
				GCC_WARN_UNUSED_VARIABLE = YES;
				IPHONEOS_DEPLOYMENT_TARGET = 14.5;
				MTL_ENABLE_DEBUG_INFO = NO;
				MTL_FAST_MATH = YES;
				SDKROOT = iphoneos;
				SWIFT_COMPILATION_MODE = wholemodule;
				SWIFT_OPTIMIZATION_LEVEL = "-O";
				VALIDATE_PRODUCT = YES;
			};
			name = Release;
		};
		F9C8249626AED06A003DC86B /* Debug */ = {
			isa = XCBuildConfiguration;
			buildSettings = {
				ASSETCATALOG_COMPILER_APPICON_NAME = AppIcon;
				ASSETCATALOG_COMPILER_GLOBAL_ACCENT_COLOR_NAME = AccentColor;
				CODE_SIGN_STYLE = Automatic;
				INFOPLIST_FILE = CoordinatorPattern/Info.plist;
				LD_RUNPATH_SEARCH_PATHS = (
					"$(inherited)",
					"@executable_path/Frameworks",
				);
				PRODUCT_BUNDLE_IDENTIFIER = com.mtbc.takasur.CoordinatorPattern;
				PRODUCT_NAME = "$(TARGET_NAME)";
				SWIFT_VERSION = 5.0;
				TARGETED_DEVICE_FAMILY = "1,2";
			};
			name = Debug;
		};
		F9C8249726AED06A003DC86B /* Release */ = {
			isa = XCBuildConfiguration;
			buildSettings = {
				ASSETCATALOG_COMPILER_APPICON_NAME = AppIcon;
				ASSETCATALOG_COMPILER_GLOBAL_ACCENT_COLOR_NAME = AccentColor;
				CODE_SIGN_STYLE = Automatic;
				INFOPLIST_FILE = CoordinatorPattern/Info.plist;
				LD_RUNPATH_SEARCH_PATHS = (
					"$(inherited)",
					"@executable_path/Frameworks",
				);
				PRODUCT_BUNDLE_IDENTIFIER = com.mtbc.takasur.CoordinatorPattern;
				PRODUCT_NAME = "$(TARGET_NAME)";
				SWIFT_VERSION = 5.0;
				TARGETED_DEVICE_FAMILY = "1,2";
			};
			name = Release;
		};
/* End XCBuildConfiguration section */

/* Begin XCConfigurationList section */
		F9C8247C26AED069003DC86B /* Build configuration list for PBXProject "CoordinatorPattern" */ = {
			isa = XCConfigurationList;
			buildConfigurations = (
				F9C8249326AED06A003DC86B /* Debug */,
				F9C8249426AED06A003DC86B /* Release */,
			);
			defaultConfigurationIsVisible = 0;
			defaultConfigurationName = Release;
		};
		F9C8249526AED06A003DC86B /* Build configuration list for PBXNativeTarget "CoordinatorPattern" */ = {
			isa = XCConfigurationList;
			buildConfigurations = (
				F9C8249626AED06A003DC86B /* Debug */,
				F9C8249726AED06A003DC86B /* Release */,
			);
			defaultConfigurationIsVisible = 0;
			defaultConfigurationName = Release;
		};
/* End XCConfigurationList section */

/* Begin XCRemoteSwiftPackageReference section */
		F9C824B926AEF6DA003DC86B /* XCRemoteSwiftPackageReference "swift-log" */ = {
			isa = XCRemoteSwiftPackageReference;
			repositoryURL = "https://github.com/apple/swift-log.git";
			requirement = {
				kind = upToNextMajorVersion;
				minimumVersion = 1.4.2;
			};
		};
/* End XCRemoteSwiftPackageReference section */

/* Begin XCSwiftPackageProductDependency section */
		F9C824BA26AEF6DA003DC86B /* Logging */ = {
			isa = XCSwiftPackageProductDependency;
			package = F9C824B926AEF6DA003DC86B /* XCRemoteSwiftPackageReference "swift-log" */;
			productName = Logging;
		};
/* End XCSwiftPackageProductDependency section */
	};
	rootObject = F9C8247926AED069003DC86B /* Project object */;
}
